
Microsoft Visual Studio Solution File, Format Version 12.00
# Visual Studio 15
VisualStudioVersion = 15.0.28307.1169
MinimumVisualStudioVersion = 10.0.40219.1
Project("{FAE04EC0-301F-11D3-BF4B-00C04F79EFBC}") = "GiaiPhuongTrinh", "GiaiPhuongTrinh\GiaiPhuongTrinh.csproj", "{4A0AA039-8990-42AF-9BDE-A811D4E2F2CA}"
EndProject
Global
	GlobalSection(SolutionConfigurationPlatforms) = preSolution
		Debug|Any CPU = Debug|Any CPU
		Release|Any CPU = Release|Any CPU
	EndGlobalSection
	GlobalSection(ProjectConfigurationPlatforms) = postSolution
		{4A0AA039-8990-42AF-9BDE-A811D4E2F2CA}.Debug|Any CPU.ActiveCfg = Debug|Any CPU
		{4A0AA039-8990-42AF-9BDE-A811D4E2F2CA}.Debug|Any CPU.Build.0 = Debug|Any CPU
		{4A0AA039-8990-42AF-9BDE-A811D4E2F2CA}.Release|Any CPU.ActiveCfg = Release|Any CPU
		{4A0AA039-8990-42AF-9BDE-A811D4E2F2CA}.Release|Any CPU.Build.0 = Release|Any CPU
	EndGlobalSection
	GlobalSection(SolutionProperties) = preSolution
		HideSolutionNode = FALSE
	EndGlobalSection
	GlobalSection(ExtensibilityGlobals) = postSolution
		SolutionGuid = {D6E3E916-59ED-4574-99AE-30489F07C39B}
	EndGlobalSection
EndGlobal
