
Microsoft Visual Studio Solution File, Format Version 12.00
# Visual Studio 15
VisualStudioVersion = 15.0.28307.1169
MinimumVisualStudioVersion = 10.0.40219.1
Project("{FAE04EC0-301F-11D3-BF4B-00C04F79EFBC}") = "QuanLiSinhVien", "QuanLiSinhVien\QuanLiSinhVien.csproj", "{DDE448D1-F465-4B9A-8121-6FE0898A8F09}"
EndProject
Global
	GlobalSection(SolutionConfigurationPlatforms) = preSolution
		Debug|Any CPU = Debug|Any CPU
		Release|Any CPU = Release|Any CPU
	EndGlobalSection
	GlobalSection(ProjectConfigurationPlatforms) = postSolution
		{DDE448D1-F465-4B9A-8121-6FE0898A8F09}.Debug|Any CPU.ActiveCfg = Debug|Any CPU
		{DDE448D1-F465-4B9A-8121-6FE0898A8F09}.Debug|Any CPU.Build.0 = Debug|Any CPU
		{DDE448D1-F465-4B9A-8121-6FE0898A8F09}.Release|Any CPU.ActiveCfg = Release|Any CPU
		{DDE448D1-F465-4B9A-8121-6FE0898A8F09}.Release|Any CPU.Build.0 = Release|Any CPU
	EndGlobalSection
	GlobalSection(SolutionProperties) = preSolution
		HideSolutionNode = FALSE
	EndGlobalSection
	GlobalSection(ExtensibilityGlobals) = postSolution
		SolutionGuid = {AA2EC3E2-121E-4DE2-9F71-5D8C54A31BFD}
	EndGlobalSection
EndGlobal
